
Microsoft Visual Studio Solution File, Format Version 12.00
# Visual Studio Version 16
VisualStudioVersion = 16.0.29102.190
MinimumVisualStudioVersion = 10.0.40219.1
Project("{FAE04EC0-301F-11D3-BF4B-00C04F79EFBC}") = "SocketServer", "SocketServer\SocketServer.csproj", "{FD69F5E7-8FEB-486B-A8B8-9222765B0EB9}"
EndProject
Global
	GlobalSection(SolutionConfigurationPlatforms) = preSolution
		Debug|Any CPU = Debug|Any CPU
		Release|Any CPU = Release|Any CPU
	EndGlobalSection
	GlobalSection(ProjectConfigurationPlatforms) = postSolution
		{FD69F5E7-8FEB-486B-A8B8-9222765B0EB9}.Debug|Any CPU.ActiveCfg = Debug|Any CPU
		{FD69F5E7-8FEB-486B-A8B8-9222765B0EB9}.Debug|Any CPU.Build.0 = Debug|Any CPU
		{FD69F5E7-8FEB-486B-A8B8-9222765B0EB9}.Release|Any CPU.ActiveCfg = Release|Any CPU
		{FD69F5E7-8FEB-486B-A8B8-9222765B0EB9}.Release|Any CPU.Build.0 = Release|Any CPU
	EndGlobalSection
	GlobalSection(SolutionProperties) = preSolution
		HideSolutionNode = FALSE
	EndGlobalSection
	GlobalSection(ExtensibilityGlobals) = postSolution
		SolutionGuid = {B6439A64-6FC5-4D45-8393-30A9F636D62D}
	EndGlobalSection
EndGlobal
